
Microsoft Visual Studio Solution File, Format Version 12.00
# Visual Studio Version 16
VisualStudioVersion = 16.0.31624.102
MinimumVisualStudioVersion = 10.0.40219.1
Project("{FAE04EC0-301F-11D3-BF4B-00C04F79EFBC}") = "WebApp-Project", "WebApp-Project\WebApp-Project.csproj", "{5017DB4B-6334-420A-9C4C-1E489B6E98DE}"
EndProject
Global
	GlobalSection(SolutionConfigurationPlatforms) = preSolution
		Debug|Any CPU = Debug|Any CPU
		Release|Any CPU = Release|Any CPU
	EndGlobalSection
	GlobalSection(ProjectConfigurationPlatforms) = postSolution
		{5017DB4B-6334-420A-9C4C-1E489B6E98DE}.Debug|Any CPU.ActiveCfg = Debug|Any CPU
		{5017DB4B-6334-420A-9C4C-1E489B6E98DE}.Debug|Any CPU.Build.0 = Debug|Any CPU
		{5017DB4B-6334-420A-9C4C-1E489B6E98DE}.Release|Any CPU.ActiveCfg = Release|Any CPU
		{5017DB4B-6334-420A-9C4C-1E489B6E98DE}.Release|Any CPU.Build.0 = Release|Any CPU
	EndGlobalSection
	GlobalSection(SolutionProperties) = preSolution
		HideSolutionNode = FALSE
	EndGlobalSection
	GlobalSection(ExtensibilityGlobals) = postSolution
		SolutionGuid = {D9AED5BF-A83E-44B4-81D9-3E52E049946C}
	EndGlobalSection
EndGlobal
